
Microsoft Visual Studio Solution File, Format Version 12.00
# Visual Studio 14
VisualStudioVersion = 14.0.23107.0
MinimumVisualStudioVersion = 10.0.40219.1
Project("{FAE04EC0-301F-11D3-BF4B-00C04F79EFBC}") = "CognitivTrainingActionSample", "CognitivTrainingActionSample\CognitivTrainingActionSample.csproj", "{B42955B0-F199-48ED-9184-EF0A77E540CC}"
EndProject
Global
	GlobalSection(SolutionConfigurationPlatforms) = preSolution
		Debug|Any CPU = Debug|Any CPU
		Debug|x86 = Debug|x86
		Release|Any CPU = Release|Any CPU
		Release|x86 = Release|x86
	EndGlobalSection
	GlobalSection(ProjectConfigurationPlatforms) = postSolution
		{B42955B0-F199-48ED-9184-EF0A77E540CC}.Debug|Any CPU.ActiveCfg = Debug|Any CPU
		{B42955B0-F199-48ED-9184-EF0A77E540CC}.Debug|Any CPU.Build.0 = Debug|Any CPU
		{B42955B0-F199-48ED-9184-EF0A77E540CC}.Debug|x86.ActiveCfg = Debug|x86
		{B42955B0-F199-48ED-9184-EF0A77E540CC}.Debug|x86.Build.0 = Debug|x86
		{B42955B0-F199-48ED-9184-EF0A77E540CC}.Release|Any CPU.ActiveCfg = Release|Any CPU
		{B42955B0-F199-48ED-9184-EF0A77E540CC}.Release|Any CPU.Build.0 = Release|Any CPU
		{B42955B0-F199-48ED-9184-EF0A77E540CC}.Release|x86.ActiveCfg = Release|x86
		{B42955B0-F199-48ED-9184-EF0A77E540CC}.Release|x86.Build.0 = Release|x86
	EndGlobalSection
	GlobalSection(SolutionProperties) = preSolution
		HideSolutionNode = FALSE
	EndGlobalSection
EndGlobal
